
Microsoft Visual Studio Solution File, Format Version 12.00
# Visual Studio Version 17
VisualStudioVersion = 17.14.36310.24
MinimumVisualStudioVersion = 10.0.40219.1
Project("{FAE04EC0-301F-11D3-BF4B-00C04F79EFBC}") = "Calculator", "Calculator.csproj", "{1269EA13-13B6-4DDA-9188-23D141AD12EB}"
EndProject
Project("{FAE04EC0-301F-11D3-BF4B-00C04F79EFBC}") = "CalculatorLibrary", "..\CalculatorLibrary\CalculatorLibrary.csproj", "{17BA0E40-B6AF-4DFB-84D8-1BE09BE3DDF1}"
EndProject
Global
	GlobalSection(SolutionConfigurationPlatforms) = preSolution
		Debug|Any CPU = Debug|Any CPU
		Release|Any CPU = Release|Any CPU
	EndGlobalSection
	GlobalSection(ProjectConfigurationPlatforms) = postSolution
		{1269EA13-13B6-4DDA-9188-23D141AD12EB}.Debug|Any CPU.ActiveCfg = Debug|Any CPU
		{1269EA13-13B6-4DDA-9188-23D141AD12EB}.Debug|Any CPU.Build.0 = Debug|Any CPU
		{1269EA13-13B6-4DDA-9188-23D141AD12EB}.Release|Any CPU.ActiveCfg = Release|Any CPU
		{1269EA13-13B6-4DDA-9188-23D141AD12EB}.Release|Any CPU.Build.0 = Release|Any CPU
		{17BA0E40-B6AF-4DFB-84D8-1BE09BE3DDF1}.Debug|Any CPU.ActiveCfg = Debug|Any CPU
		{17BA0E40-B6AF-4DFB-84D8-1BE09BE3DDF1}.Debug|Any CPU.Build.0 = Debug|Any CPU
		{17BA0E40-B6AF-4DFB-84D8-1BE09BE3DDF1}.Release|Any CPU.ActiveCfg = Release|Any CPU
		{17BA0E40-B6AF-4DFB-84D8-1BE09BE3DDF1}.Release|Any CPU.Build.0 = Release|Any CPU
	EndGlobalSection
	GlobalSection(SolutionProperties) = preSolution
		HideSolutionNode = FALSE
	EndGlobalSection
	GlobalSection(ExtensibilityGlobals) = postSolution
		SolutionGuid = {C1C2F4E8-396B-402B-9211-F588C6991251}
	EndGlobalSection
EndGlobal
