
Microsoft Visual Studio Solution File, Format Version 12.00
# Visual Studio Version 17
VisualStudioVersion = 17.14.36310.24 d17.14
MinimumVisualStudioVersion = 10.0.40219.1
Project("{FAE04EC0-301F-11D3-BF4B-00C04F79EFBC}") = "FinanceApp", "FinanceApp.csproj", "{16FFBC91-1201-4BA9-AE98-83155AF230AE}"
EndProject
Global
	GlobalSection(SolutionConfigurationPlatforms) = preSolution
		Debug|Any CPU = Debug|Any CPU
		Release|Any CPU = Release|Any CPU
	EndGlobalSection
	GlobalSection(ProjectConfigurationPlatforms) = postSolution
		{16FFBC91-1201-4BA9-AE98-83155AF230AE}.Debug|Any CPU.ActiveCfg = Debug|Any CPU
		{16FFBC91-1201-4BA9-AE98-83155AF230AE}.Debug|Any CPU.Build.0 = Debug|Any CPU
		{16FFBC91-1201-4BA9-AE98-83155AF230AE}.Release|Any CPU.ActiveCfg = Release|Any CPU
		{16FFBC91-1201-4BA9-AE98-83155AF230AE}.Release|Any CPU.Build.0 = Release|Any CPU
	EndGlobalSection
	GlobalSection(SolutionProperties) = preSolution
		HideSolutionNode = FALSE
	EndGlobalSection
	GlobalSection(ExtensibilityGlobals) = postSolution
		SolutionGuid = {61F27A2E-E855-4933-9DB1-5798E73C5F3F}
	EndGlobalSection
EndGlobal
